
Microsoft Visual Studio Solution File, Format Version 12.00
Project("{FAE04EC0-301F-11D3-BF4B-00C04F79EFBC}") = "ProxybrokerWeb", "ProxybrokerWeb\ProxybrokerWeb.csproj", "{81FE11B9-785F-4F94-B48B-1E57AD55EDE1}"
EndProject
Project("{FAE04EC0-301F-11D3-BF4B-00C04F79EFBC}") = "ProxybrokerWeb.ViewModels", "ProxybrokerWeb.ViewModels\ProxybrokerWeb.ViewModels.csproj", "{5409B21D-C1B5-4641-A10A-D320B55ACA19}"
EndProject
Project("{FAE04EC0-301F-11D3-BF4B-00C04F79EFBC}") = "ProxybrokerWeb.Models", "ProxybrokerWeb.Models\ProxybrokerWeb.Models.csproj", "{40ED4AEF-19E1-4326-B11A-85797CC9C212}"
EndProject
Project("{2150E333-8FDC-42A3-9474-1A3956D46DE8}") = "Tests", "Tests", "{1034ABCC-999D-4E94-A117-20AEDB9CC127}"
EndProject
Project("{FAE04EC0-301F-11D3-BF4B-00C04F79EFBC}") = "ProxybrokerWeb.Tests", "ProxybrokerWeb.Tests\ProxybrokerWeb.Tests.csproj", "{B2F0D966-771E-4C79-B625-EAEB96DF839F}"
EndProject
Project("{FAE04EC0-301F-11D3-BF4B-00C04F79EFBC}") = "ProxybrokerWeb.Infrastructure", "ProxybrokerWeb.Infrastructure\ProxybrokerWeb.Infrastructure.csproj", "{6AF1087A-20C2-485C-B313-8B5F409E59B0}"
EndProject
Global
	GlobalSection(SolutionConfigurationPlatforms) = preSolution
		Debug|Any CPU = Debug|Any CPU
		Release|Any CPU = Release|Any CPU
	EndGlobalSection
	GlobalSection(ProjectConfigurationPlatforms) = postSolution
		{81FE11B9-785F-4F94-B48B-1E57AD55EDE1}.Debug|Any CPU.ActiveCfg = Debug|Any CPU
		{81FE11B9-785F-4F94-B48B-1E57AD55EDE1}.Debug|Any CPU.Build.0 = Debug|Any CPU
		{81FE11B9-785F-4F94-B48B-1E57AD55EDE1}.Release|Any CPU.ActiveCfg = Release|Any CPU
		{81FE11B9-785F-4F94-B48B-1E57AD55EDE1}.Release|Any CPU.Build.0 = Release|Any CPU
		{5409B21D-C1B5-4641-A10A-D320B55ACA19}.Debug|Any CPU.ActiveCfg = Debug|Any CPU
		{5409B21D-C1B5-4641-A10A-D320B55ACA19}.Debug|Any CPU.Build.0 = Debug|Any CPU
		{5409B21D-C1B5-4641-A10A-D320B55ACA19}.Release|Any CPU.ActiveCfg = Release|Any CPU
		{5409B21D-C1B5-4641-A10A-D320B55ACA19}.Release|Any CPU.Build.0 = Release|Any CPU
		{40ED4AEF-19E1-4326-B11A-85797CC9C212}.Debug|Any CPU.ActiveCfg = Debug|Any CPU
		{40ED4AEF-19E1-4326-B11A-85797CC9C212}.Debug|Any CPU.Build.0 = Debug|Any CPU
		{40ED4AEF-19E1-4326-B11A-85797CC9C212}.Release|Any CPU.ActiveCfg = Release|Any CPU
		{40ED4AEF-19E1-4326-B11A-85797CC9C212}.Release|Any CPU.Build.0 = Release|Any CPU
		{B2F0D966-771E-4C79-B625-EAEB96DF839F}.Debug|Any CPU.ActiveCfg = Debug|Any CPU
		{B2F0D966-771E-4C79-B625-EAEB96DF839F}.Debug|Any CPU.Build.0 = Debug|Any CPU
		{B2F0D966-771E-4C79-B625-EAEB96DF839F}.Release|Any CPU.ActiveCfg = Release|Any CPU
		{B2F0D966-771E-4C79-B625-EAEB96DF839F}.Release|Any CPU.Build.0 = Release|Any CPU
		{6AF1087A-20C2-485C-B313-8B5F409E59B0}.Debug|Any CPU.ActiveCfg = Debug|Any CPU
		{6AF1087A-20C2-485C-B313-8B5F409E59B0}.Debug|Any CPU.Build.0 = Debug|Any CPU
		{6AF1087A-20C2-485C-B313-8B5F409E59B0}.Release|Any CPU.ActiveCfg = Release|Any CPU
		{6AF1087A-20C2-485C-B313-8B5F409E59B0}.Release|Any CPU.Build.0 = Release|Any CPU
	EndGlobalSection
	GlobalSection(NestedProjects) = preSolution
		{B2F0D966-771E-4C79-B625-EAEB96DF839F} = {1034ABCC-999D-4E94-A117-20AEDB9CC127}
	EndGlobalSection
EndGlobal
